
Microsoft Visual Studio Solution File, Format Version 12.00
# Visual Studio Version 17
VisualStudioVersion = 17.3.32819.101
MinimumVisualStudioVersion = 10.0.40219.1
Project("{FAE04EC0-301F-11D3-BF4B-00C04F79EFBC}") = "inheritPolymorpEncap", "inheritPolymorpEncap\inheritPolymorpEncap.csproj", "{B29BBD8B-7894-45EA-9EA9-1F7FC54BFD29}"
EndProject
Global
	GlobalSection(SolutionConfigurationPlatforms) = preSolution
		Debug|Any CPU = Debug|Any CPU
		Release|Any CPU = Release|Any CPU
	EndGlobalSection
	GlobalSection(ProjectConfigurationPlatforms) = postSolution
		{B29BBD8B-7894-45EA-9EA9-1F7FC54BFD29}.Debug|Any CPU.ActiveCfg = Debug|Any CPU
		{B29BBD8B-7894-45EA-9EA9-1F7FC54BFD29}.Debug|Any CPU.Build.0 = Debug|Any CPU
		{B29BBD8B-7894-45EA-9EA9-1F7FC54BFD29}.Release|Any CPU.ActiveCfg = Release|Any CPU
		{B29BBD8B-7894-45EA-9EA9-1F7FC54BFD29}.Release|Any CPU.Build.0 = Release|Any CPU
	EndGlobalSection
	GlobalSection(SolutionProperties) = preSolution
		HideSolutionNode = FALSE
	EndGlobalSection
	GlobalSection(ExtensibilityGlobals) = postSolution
		SolutionGuid = {E2EB0A99-4146-4182-B9B4-700AB6E68D55}
	EndGlobalSection
EndGlobal
